{
  "lockfile-version": 1,
  "manifest": {
    "schema-version": "1.10.0",
    "install": {
      "cmake": {
        "pkg-path": "cmake"
      },
      "jq": {
        "pkg-path": "jq"
      },
      "ninja": {
        "pkg-path": "ninja"
      },
      "python3": {
        "pkg-path": "python3"
      },
      "swiftlint": {
        "pkg-path": "swiftlint"
      },
      "xcodegen": {
        "pkg-path": "xcodegen",
        "systems": [
          "aarch64-darwin",
          "x86_64-darwin"
        ]
      }
    },
    "hook": {},
    "profile": {},
    "options": {}
  },
  "packages": [
    {
      "attr_path": "cmake",
      "broken": false,
      "derivation": "/nix/store/h5qdd3jiy1qjw2p7vadmbxnbi88q2lry-cmake-4.1.2.drv",
      "description": "Cross-platform, open-source build system generator",
      "install_id": "cmake",
      "license": "BSD-3-Clause",
      "locked_url": "https://github.com/flox/nixpkgs?rev=d233902339c02a9c334e7e593de68855ad26c4cb",
      "name": "cmake-4.1.2",
      "pname": "cmake",
      "rev": "d233902339c02a9c334e7e593de68855ad26c4cb",
      "rev_count": 998534,
      "rev_date": "2026-05-15T18:21:44Z",
      "scrape_date": "2026-05-17T07:05:50.881265Z",
      "stabilities": [
        "unstable"
      ],
      "unfree": false,
      "version": "4.1.2",
      "outputs_to_install": [
        "out"
      ],
      "outputs": {
        "out": "/nix/store/gsslmqvsx6ad8ba1b44a1qy2as37fwcn-cmake-4.1.2"
      },
      "system": "aarch64-darwin",
      "group": "toplevel",
      "priority": 5
    },
    {
      "attr_path": "cmake",
      "broken": false,
      "derivation": "/nix/store/lgx1kv9pfgvc9i8laacvijw9gbhmlk2z-cmake-4.1.2.drv",
      "description": "Cross-platform, open-source build system generator",
      "install_id": "cmake",
      "license": "BSD-3-Clause",
      "locked_url": "https://github.com/flox/nixpkgs?rev=d233902339c02a9c334e7e593de68855ad26c4cb",
      "name": "cmake-4.1.2",
      "pname": "cmake",
      "rev": "d233902339c02a9c334e7e593de68855ad26c4cb",
      "rev_count": 998534,
      "rev_date": "2026-05-15T18:21:44Z",
      "scrape_date": "2026-05-17T07:33:29.288689Z",
      "stabilities": [
        "unstable"
      ],
      "unfree": false,
      "version": "4.1.2",
      "outputs_to_install": [
        "out"
      ],
      "outputs": {
        "debug": "/nix/store/66xb3fk26w6qid73m4qhcg8hfrswdfdn-cmake-4.1.2-debug",
        "out": "/nix/store/726yh2ybv8zsap087dkknrznqynhcv99-cmake-4.1.2"
      },
      "system": "aarch64-linux",
      "group": "toplevel",
      "priority": 5
    },
    {
      "attr_path": "cmake",
      "broken": false,
      "derivation": "/nix/store/srfc9671a7sp13wl0360h5k77831qncf-cmake-4.1.2.drv",
      "description": "Cross-platform, open-source build system generator",
      "install_id": "cmake",
      "license": "BSD-3-Clause",
      "locked_url": "https://github.com/flox/nixpkgs?rev=d233902339c02a9c334e7e593de68855ad26c4cb",
      "name": "cmake-4.1.2",
      "pname": "cmake",
      "rev": "d233902339c02a9c334e7e593de68855ad26c4cb",
      "rev_count": 998534,
      "rev_date": "2026-05-15T18:21:44Z",
      "scrape_date": "2026-05-17T08:01:17.408513Z",
      "stabilities": [
        "unstable"
      ],
      "unfree": false,
      "version": "4.1.2",
      "outputs_to_install": [
        "out"
      ],
      "outputs": {
        "out": "/nix/store/xk7jw17nw5yfwwzr1r777p44sxgdrkhk-cmake-4.1.2"
      },
      "system": "x86_64-darwin",
      "group": "toplevel",
      "priority": 5
    },
    {
      "attr_path": "cmake",
      "broken": false,
      "derivation": "/nix/store/mn0cdgk2g1pnl10bcp887n313f0xqrbd-cmake-4.1.2.drv",
      "description": "Cross-platform, open-source build system generator",
      "install_id": "cmake",
      "license": "BSD-3-Clause",
      "locked_url": "https://github.com/flox/nixpkgs?rev=d233902339c02a9c334e7e593de68855ad26c4cb",
      "name": "cmake-4.1.2",
      "pname": "cmake",
      "rev": "d233902339c02a9c334e7e593de68855ad26c4cb",
      "rev_count": 998534,
      "rev_date": "2026-05-15T18:21:44Z",
      "scrape_date": "2026-05-17T08:32:09.513365Z",
      "stabilities": [
        "unstable"
      ],
      "unfree": false,
      "version": "4.1.2",
      "outputs_to_install": [
        "out"
      ],
      "outputs": {
        "debug": "/nix/store/j8ry84s4ks1v5ys47br0h1v12pnahhii-cmake-4.1.2-debug",
        "out": "/nix/store/v2i1hgv567g3v91im5x4g5bff52143i0-cmake-4.1.2"
      },
      "system": "x86_64-linux",
      "group": "toplevel",
      "priority": 5
    },
    {
      "attr_path": "jq",
      "broken": false,
      "derivation": "/nix/store/8m1acd54mxn25zahyn0scbi10a49v91c-jq-1.8.1.drv",
      "description": "Lightweight and flexible command-line JSON processor",
      "install_id": "jq",
      "license": "MIT",
      "locked_url": "https://github.com/flox/nixpkgs?rev=d233902339c02a9c334e7e593de68855ad26c4cb",
      "name": "jq-1.8.1",
      "pname": "jq",
      "rev": "d233902339c02a9c334e7e593de68855ad26c4cb",
      "rev_count": 998534,
      "rev_date": "2026-05-15T18:21:44Z",
      "scrape_date": "2026-05-17T07:06:07.708604Z",
      "stabilities": [
        "unstable"
      ],
      "unfree": false,
      "version": "1.8.1",
      "outputs_to_install": [
        "bin",
        "bin",
        "bin",
        "man",
        "man",
        "man"
      ],
      "outputs": {
        "bin": "/nix/store/zpaiv3csv85i5qdhwlivlbg8a5clnqmh-jq-1.8.1-bin",
        "dev": "/nix/store/h46rnp90pvk5ky12r9drbzhl1fqlmjnf-jq-1.8.1-dev",
        "doc": "/nix/store/iksz05vk9j78ls9agfg9blhax9azgv69-jq-1.8.1-doc",
        "man": "/nix/store/vs9rx9xgqachcay4mn95m1gwifzxrhm4-jq-1.8.1-man",
        "out": "/nix/store/inmyqx7646xrcqrwxipacv5gkf3ca6m3-jq-1.8.1"
      },
      "system": "aarch64-darwin",
      "group": "toplevel",
      "priority": 5
    },
    {
      "attr_path": "jq",
      "broken": false,
      "derivation": "/nix/store/6bm9kiq3c81i6f3hs1qdvk281w8sjk1s-jq-1.8.1.drv",
      "description": "Lightweight and flexible command-line JSON processor",
      "install_id": "jq",
      "license": "MIT",
      "locked_url": "https://github.com/flox/nixpkgs?rev=d233902339c02a9c334e7e593de68855ad26c4cb",
      "name": "jq-1.8.1",
      "pname": "jq",
      "rev": "d233902339c02a9c334e7e593de68855ad26c4cb",
      "rev_count": 998534,
      "rev_date": "2026-05-15T18:21:44Z",
      "scrape_date": "2026-05-17T07:33:50.658834Z",
      "stabilities": [
        "unstable"
      ],
      "unfree": false,
      "version": "1.8.1",
      "outputs_to_install": [
        "bin",
        "bin",
        "bin",
        "man",
        "man"
      ],
      "outputs": {
        "bin": "/nix/store/blgzs73jx017qji4n78v4wg1qxcg3cav-jq-1.8.1-bin",
        "dev": "/nix/store/lx675fc624glij1dh9iw89pavkvfkv73-jq-1.8.1-dev",
        "doc": "/nix/store/r992wf8cylhf9ayxwf64lawdfxcr4cl8-jq-1.8.1-doc",
        "man": "/nix/store/s8h2klkc7rw485yqj3s73ancc5915v2m-jq-1.8.1-man",
        "out": "/nix/store/2v9443fs97gdg5mz9lk3q603hryhqijm-jq-1.8.1"
      },
      "system": "aarch64-linux",
      "group": "toplevel",
      "priority": 5
    },
    {
      "attr_path": "jq",
      "broken": false,
      "derivation": "/nix/store/kma4dqri44q18xcdicm42rh69fvxf2q8-jq-1.8.1.drv",
      "description": "Lightweight and flexible command-line JSON processor",
      "install_id": "jq",
      "license": "MIT",
      "locked_url": "https://github.com/flox/nixpkgs?rev=d233902339c02a9c334e7e593de68855ad26c4cb",
      "name": "jq-1.8.1",
      "pname": "jq",
      "rev": "d233902339c02a9c334e7e593de68855ad26c4cb",
      "rev_count": 998534,
      "rev_date": "2026-05-15T18:21:44Z",
      "scrape_date": "2026-05-17T08:01:34.801295Z",
      "stabilities": [
        "unstable"
      ],
      "unfree": false,
      "version": "1.8.1",
      "outputs_to_install": [
        "bin",
        "bin",
        "man",
        "man"
      ],
      "outputs": {
        "bin": "/nix/store/cpq0n6nrgs7jwyr121qshzk2fvjkmjbh-jq-1.8.1-bin",
        "dev": "/nix/store/0p7h41icsq99c08sym6iw4wzdsl35r13-jq-1.8.1-dev",
        "doc": "/nix/store/h6wn2lzbxq1v2dypaj4kpv4nnkkm9yld-jq-1.8.1-doc",
        "man": "/nix/store/flsm1xvpbr9681y4y8101v5c5m3qmcim-jq-1.8.1-man",
        "out": "/nix/store/spn7m9y4302yvw9zafpy1g2sz3z9xnx1-jq-1.8.1"
      },
      "system": "x86_64-darwin",
      "group": "toplevel",
      "priority": 5
    },
    {
      "attr_path": "jq",
      "broken": false,
      "derivation": "/nix/store/b7xrk5idxkza33wiaizqzs9fqzvw5lqb-jq-1.8.1.drv",
      "description": "Lightweight and flexible command-line JSON processor",
      "install_id": "jq",
      "license": "MIT",
      "locked_url": "https://github.com/flox/nixpkgs?rev=d233902339c02a9c334e7e593de68855ad26c4cb",
      "name": "jq-1.8.1",
      "pname": "jq",
      "rev": "d233902339c02a9c334e7e593de68855ad26c4cb",
      "rev_count": 998534,
      "rev_date": "2026-05-15T18:21:44Z",
      "scrape_date": "2026-05-17T08:32:32.450313Z",
      "stabilities": [
        "unstable"
      ],
      "unfree": false,
      "version": "1.8.1",
      "outputs_to_install": [
        "bin",
        "bin",
        "bin",
        "bin",
        "bin",
        "man",
        "man"
      ],
      "outputs": {
        "bin": "/nix/store/v5c3inhfq6xshmwg1c254vfbcy4jp3k9-jq-1.8.1-bin",
        "dev": "/nix/store/p8x5zv9s9qg3ld8b7jdm03hkpdqybjl9-jq-1.8.1-dev",
        "doc": "/nix/store/g2wlgi44rn837jdirpwi3lk5f2iy13zg-jq-1.8.1-doc",
        "man": "/nix/store/lsyqny7h1riwhzajwy2vjjdd63viiwvm-jq-1.8.1-man",
        "out": "/nix/store/09bq2i0kb008ccg3qdbyxv81ggxxnn09-jq-1.8.1"
      },
      "system": "x86_64-linux",
      "group": "toplevel",
      "priority": 5
    },
    {
      "attr_path": "ninja",
      "broken": false,
      "derivation": "/nix/store/s44jbdj0jnfki6pzgbiv44iskjf6pnc6-ninja-1.13.2.drv",
      "description": "Small build system with a focus on speed",
      "install_id": "ninja",
      "license": "Apache-2.0",
      "locked_url": "https://github.com/flox/nixpkgs?rev=d233902339c02a9c334e7e593de68855ad26c4cb",
      "name": "ninja-1.13.2",
      "pname": "ninja",
      "rev": "d233902339c02a9c334e7e593de68855ad26c4cb",
      "rev_count": 998534,
      "rev_date": "2026-05-15T18:21:44Z",
      "scrape_date": "2026-05-17T07:06:14.854768Z",
      "stabilities": [
        "unstable"
      ],
      "unfree": false,
      "version": "1.13.2",
      "outputs_to_install": [
        "out"
      ],
      "outputs": {
        "out": "/nix/store/32h48hgy7maisr8p4cpr0fn9ikrzi31x-ninja-1.13.2"
      },
      "system": "aarch64-darwin",
      "group": "toplevel",
      "priority": 5
    },
    {
      "attr_path": "ninja",
      "broken": false,
      "derivation": "/nix/store/cdk3vn0lfjzxx4sw7inx36b9wni1q2jp-ninja-1.13.2.drv",
      "description": "Small build system with a focus on speed",
      "install_id": "ninja",
      "license": "Apache-2.0",
      "locked_url": "https://github.com/flox/nixpkgs?rev=d233902339c02a9c334e7e593de68855ad26c4cb",
      "name": "ninja-1.13.2",
      "pname": "ninja",
      "rev": "d233902339c02a9c334e7e593de68855ad26c4cb",
      "rev_count": 998534,
      "rev_date": "2026-05-15T18:21:44Z",
      "scrape_date": "2026-05-17T07:34:05.556491Z",
      "stabilities": [
        "unstable"
      ],
      "unfree": false,
      "version": "1.13.2",
      "outputs_to_install": [
        "out"
      ],
      "outputs": {
        "out": "/nix/store/jzy46dpf1v6xaw2z68a0ffnwvy9hphan-ninja-1.13.2"
      },
      "system": "aarch64-linux",
      "group": "toplevel",
      "priority": 5
    },
    {
      "attr_path": "ninja",
      "broken": false,
      "derivation": "/nix/store/8z1sv29zw1b61pnr8lm5148r2xl0531m-ninja-1.13.2.drv",
      "description": "Small build system with a focus on speed",
      "install_id": "ninja",
      "license": "Apache-2.0",
      "locked_url": "https://github.com/flox/nixpkgs?rev=d233902339c02a9c334e7e593de68855ad26c4cb",
      "name": "ninja-1.13.2",
      "pname": "ninja",
      "rev": "d233902339c02a9c334e7e593de68855ad26c4cb",
      "rev_count": 998534,
      "rev_date": "2026-05-15T18:21:44Z",
      "scrape_date": "2026-05-17T08:01:42.265934Z",
      "stabilities": [
        "unstable"
      ],
      "unfree": false,
      "version": "1.13.2",
      "outputs_to_install": [
        "out"
      ],
      "outputs": {
        "out": "/nix/store/s7sy2jar81lg7cil31gwn1afnxbwj72v-ninja-1.13.2"
      },
      "system": "x86_64-darwin",
      "group": "toplevel",
      "priority": 5
    },
    {
      "attr_path": "ninja",
      "broken": false,
      "derivation": "/nix/store/vsxc93np3mq8r5d8s47pl4qx1zyqjh4h-ninja-1.13.2.drv",
      "description": "Small build system with a focus on speed",
      "install_id": "ninja",
      "license": "Apache-2.0",
      "locked_url": "https://github.com/flox/nixpkgs?rev=d233902339c02a9c334e7e593de68855ad26c4cb",
      "name": "ninja-1.13.2",
      "pname": "ninja",
      "rev": "d233902339c02a9c334e7e593de68855ad26c4cb",
      "rev_count": 998534,
      "rev_date": "2026-05-15T18:21:44Z",
      "scrape_date": "2026-05-17T08:32:49.916235Z",
      "stabilities": [
        "unstable"
      ],
      "unfree": false,
      "version": "1.13.2",
      "outputs_to_install": [
        "out"
      ],
      "outputs": {
        "out": "/nix/store/vvg707j9xgklk7j4yqa8s8zxzpgwypsq-ninja-1.13.2"
      },
      "system": "x86_64-linux",
      "group": "toplevel",
      "priority": 5
    },
    {
      "attr_path": "python3",
      "broken": false,
      "derivation": "/nix/store/4jsnzrzl379r6cjrr836lh6vi4p4kgv4-python3-3.13.12.drv",
      "description": "High-level dynamically-typed programming language",
      "install_id": "python3",
      "license": "Python-2.0",
      "locked_url": "https://github.com/flox/nixpkgs?rev=d233902339c02a9c334e7e593de68855ad26c4cb",
      "name": "python3-3.13.12",
      "pname": "python3",
      "rev": "d233902339c02a9c334e7e593de68855ad26c4cb",
      "rev_count": 998534,
      "rev_date": "2026-05-15T18:21:44Z",
      "scrape_date": "2026-05-17T07:06:30.977992Z",
      "stabilities": [
        "unstable"
      ],
      "unfree": false,
      "version": "3.13.12",
      "outputs_to_install": [
        "out",
        "out"
      ],
      "outputs": {
        "out": "/nix/store/kwnbzccaiqi6iwdchcy6xc8br4x9hn0j-python3-3.13.12"
      },
      "system": "aarch64-darwin",
      "group": "toplevel",
      "priority": 5
    },
    {
      "attr_path": "python3",
      "broken": false,
      "derivation": "/nix/store/5a3k0w97564gz3qxf00dvrs6yn9v8dl6-python3-3.13.12.drv",
      "description": "High-level dynamically-typed programming language",
      "install_id": "python3",
      "license": "Python-2.0",
      "locked_url": "https://github.com/flox/nixpkgs?rev=d233902339c02a9c334e7e593de68855ad26c4cb",
      "name": "python3-3.13.12",
      "pname": "python3",
      "rev": "d233902339c02a9c334e7e593de68855ad26c4cb",
      "rev_count": 998534,
      "rev_date": "2026-05-15T18:21:44Z",
      "scrape_date": "2026-05-17T07:34:27.380432Z",
      "stabilities": [
        "unstable"
      ],
      "unfree": false,
      "version": "3.13.12",
      "outputs_to_install": [
        "out",
        "out",
        "out",
        "out"
      ],
      "outputs": {
        "debug": "/nix/store/xyg8jfgpbyap2blwfmh3lhxy1vmhhbia-python3-3.13.12-debug",
        "out": "/nix/store/36mns0lq3c2zgky08rsq0xvamfzglzvj-python3-3.13.12"
      },
      "system": "aarch64-linux",
      "group": "toplevel",
      "priority": 5
    },
    {
      "attr_path": "python3",
      "broken": false,
      "derivation": "/nix/store/227zjffs3h685la0wmjp42z850j2f59w-python3-3.13.12.drv",
      "description": "High-level dynamically-typed programming language",
      "install_id": "python3",
      "license": "Python-2.0",
      "locked_url": "https://github.com/flox/nixpkgs?rev=d233902339c02a9c334e7e593de68855ad26c4cb",
      "name": "python3-3.13.12",
      "pname": "python3",
      "rev": "d233902339c02a9c334e7e593de68855ad26c4cb",
      "rev_count": 998534,
      "rev_date": "2026-05-15T18:21:44Z",
      "scrape_date": "2026-05-17T08:01:59.557180Z",
      "stabilities": [
        "unstable"
      ],
      "unfree": false,
      "version": "3.13.12",
      "outputs_to_install": [
        "out",
        "out"
      ],
      "outputs": {
        "out": "/nix/store/mgd8qy2z9xj5y7lkrfw1zw2l6adanc1d-python3-3.13.12"
      },
      "system": "x86_64-darwin",
      "group": "toplevel",
      "priority": 5
    },
    {
      "attr_path": "python3",
      "broken": false,
      "derivation": "/nix/store/akf75nmhvs2x06g2qrag3vd321rpp02i-python3-3.13.12.drv",
      "description": "High-level dynamically-typed programming language",
      "install_id": "python3",
      "license": "Python-2.0",
      "locked_url": "https://github.com/flox/nixpkgs?rev=d233902339c02a9c334e7e593de68855ad26c4cb",
      "name": "python3-3.13.12",
      "pname": "python3",
      "rev": "d233902339c02a9c334e7e593de68855ad26c4cb",
      "rev_count": 998534,
      "rev_date": "2026-05-15T18:21:44Z",
      "scrape_date": "2026-05-17T08:33:14.090818Z",
      "stabilities": [
        "unstable"
      ],
      "unfree": false,
      "version": "3.13.12",
      "outputs_to_install": [
        "out",
        "out",
        "out",
        "out",
        "out",
        "out"
      ],
      "outputs": {
        "debug": "/nix/store/4q5zc1g7w4x5c0p5cdv1nh61z8ddxqqq-python3-3.13.12-debug",
        "out": "/nix/store/0r6k8xa2kgqyp3r4v2w7yrb80ma2iawm-python3-3.13.12"
      },
      "system": "x86_64-linux",
      "group": "toplevel",
      "priority": 5
    },
    {
      "attr_path": "swiftlint",
      "broken": false,
      "derivation": "/nix/store/5bspmldmlz65izv1v1y8p3jr1ybikc5k-swiftlint-0.63.2.drv",
      "description": "Tool to enforce Swift style and conventions",
      "install_id": "swiftlint",
      "license": "MIT",
      "locked_url": "https://github.com/flox/nixpkgs?rev=d233902339c02a9c334e7e593de68855ad26c4cb",
      "name": "swiftlint-0.63.2",
      "pname": "swiftlint",
      "rev": "d233902339c02a9c334e7e593de68855ad26c4cb",
      "rev_count": 998534,
      "rev_date": "2026-05-15T18:21:44Z",
      "scrape_date": "2026-05-17T07:07:40.697153Z",
      "stabilities": [
        "unstable"
      ],
      "unfree": false,
      "version": "0.63.2",
      "outputs_to_install": [
        "out"
      ],
      "outputs": {
        "out": "/nix/store/zg83gg6i3nigpx1fjp3l84w1162qqilq-swiftlint-0.63.2"
      },
      "system": "aarch64-darwin",
      "group": "toplevel",
      "priority": 5
    },
    {
      "attr_path": "swiftlint",
      "broken": false,
      "derivation": "/nix/store/fy80y25llzg4l58c7nd4f878p2bc5sjm-swiftlint-0.63.2.drv",
      "description": "Tool to enforce Swift style and conventions",
      "install_id": "swiftlint",
      "license": "MIT",
      "locked_url": "https://github.com/flox/nixpkgs?rev=d233902339c02a9c334e7e593de68855ad26c4cb",
      "name": "swiftlint-0.63.2",
      "pname": "swiftlint",
      "rev": "d233902339c02a9c334e7e593de68855ad26c4cb",
      "rev_count": 998534,
      "rev_date": "2026-05-15T18:21:44Z",
      "scrape_date": "2026-05-17T07:35:54.456460Z",
      "stabilities": [
        "unstable"
      ],
      "unfree": false,
      "version": "0.63.2",
      "outputs_to_install": [
        "out"
      ],
      "outputs": {
        "out": "/nix/store/l3akba87mk8s8icas94j5ka8m45dl3bs-swiftlint-0.63.2"
      },
      "system": "aarch64-linux",
      "group": "toplevel",
      "priority": 5
    },
    {
      "attr_path": "swiftlint",
      "broken": false,
      "derivation": "/nix/store/4ad0f8s8k9mnrgi0kwmzf7n699rq3302-swiftlint-0.63.2.drv",
      "description": "Tool to enforce Swift style and conventions",
      "install_id": "swiftlint",
      "license": "MIT",
      "locked_url": "https://github.com/flox/nixpkgs?rev=d233902339c02a9c334e7e593de68855ad26c4cb",
      "name": "swiftlint-0.63.2",
      "pname": "swiftlint",
      "rev": "d233902339c02a9c334e7e593de68855ad26c4cb",
      "rev_count": 998534,
      "rev_date": "2026-05-15T18:21:44Z",
      "scrape_date": "2026-05-17T08:03:14.108951Z",
      "stabilities": [
        "unstable"
      ],
      "unfree": false,
      "version": "0.63.2",
      "outputs_to_install": [
        "out"
      ],
      "outputs": {
        "out": "/nix/store/qpyj4g4y96rb03x1wx7in83hin81vd2x-swiftlint-0.63.2"
      },
      "system": "x86_64-darwin",
      "group": "toplevel",
      "priority": 5
    },
    {
      "attr_path": "swiftlint",
      "broken": false,
      "derivation": "/nix/store/ac8h2i5prlzxljcbpjyj3srhzlrj3aav-swiftlint-0.63.2.drv",
      "description": "Tool to enforce Swift style and conventions",
      "install_id": "swiftlint",
      "license": "MIT",
      "locked_url": "https://github.com/flox/nixpkgs?rev=d233902339c02a9c334e7e593de68855ad26c4cb",
      "name": "swiftlint-0.63.2",
      "pname": "swiftlint",
      "rev": "d233902339c02a9c334e7e593de68855ad26c4cb",
      "rev_count": 998534,
      "rev_date": "2026-05-15T18:21:44Z",
      "scrape_date": "2026-05-17T08:34:47.073595Z",
      "stabilities": [
        "unstable"
      ],
      "unfree": false,
      "version": "0.63.2",
      "outputs_to_install": [
        "out"
      ],
      "outputs": {
        "out": "/nix/store/7d93qzplxdh10r6jdfdi9sdhnnj6min9-swiftlint-0.63.2"
      },
      "system": "x86_64-linux",
      "group": "toplevel",
      "priority": 5
    },
    {
      "attr_path": "xcodegen",
      "broken": false,
      "derivation": "/nix/store/55avpvxjvic6bfpvzz403rcilrcn7h64-xcodegen-2.44.1.drv",
      "description": "Swift command line tool for generating your Xcode project",
      "install_id": "xcodegen",
      "license": "MIT",
      "locked_url": "https://github.com/flox/nixpkgs?rev=d233902339c02a9c334e7e593de68855ad26c4cb",
      "name": "xcodegen-2.44.1",
      "pname": "xcodegen",
      "rev": "d233902339c02a9c334e7e593de68855ad26c4cb",
      "rev_count": 998534,
      "rev_date": "2026-05-15T18:21:44Z",
      "scrape_date": "2026-05-17T07:08:35.476472Z",
      "stabilities": [
        "unstable"
      ],
      "unfree": false,
      "version": "2.44.1",
      "outputs_to_install": [
        "out"
      ],
      "outputs": {
        "out": "/nix/store/41bxsqsk3jlm95xxz5xnjgv80i9ly8bc-xcodegen-2.44.1"
      },
      "system": "aarch64-darwin",
      "group": "toplevel",
      "priority": 5
    },
    {
      "attr_path": "xcodegen",
      "broken": false,
      "derivation": "/nix/store/96fi35aw002q1i5f2b07qlfg0if27949-xcodegen-2.44.1.drv",
      "description": "Swift command line tool for generating your Xcode project",
      "install_id": "xcodegen",
      "license": "MIT",
      "locked_url": "https://github.com/flox/nixpkgs?rev=d233902339c02a9c334e7e593de68855ad26c4cb",
      "name": "xcodegen-2.44.1",
      "pname": "xcodegen",
      "rev": "d233902339c02a9c334e7e593de68855ad26c4cb",
      "rev_count": 998534,
      "rev_date": "2026-05-15T18:21:44Z",
      "scrape_date": "2026-05-17T08:04:12.833081Z",
      "stabilities": [
        "unstable"
      ],
      "unfree": false,
      "version": "2.44.1",
      "outputs_to_install": [
        "out"
      ],
      "outputs": {
        "out": "/nix/store/cimdmww0ic17fzqxgsksq6d43nqwcgyv-xcodegen-2.44.1"
      },
      "system": "x86_64-darwin",
      "group": "toplevel",
      "priority": 5
    }
  ]
}
